
Microsoft Visual Studio Solution File, Format Version 12.00
# Visual Studio 15
VisualStudioVersion = 15.0.27004.2010
MinimumVisualStudioVersion = 10.0.40219.1
Project("{FAE04EC0-301F-11D3-BF4B-00C04F79EFBC}") = "HW6SALAnatalie", "HW6SALAnatalie\HW6SALAnatalie.csproj", "{B265F024-11E5-4DFE-9EF6-AE7CFB393655}"
EndProject
Global
	GlobalSection(SolutionConfigurationPlatforms) = preSolution
		Debug|Any CPU = Debug|Any CPU
		Release|Any CPU = Release|Any CPU
	EndGlobalSection
	GlobalSection(ProjectConfigurationPlatforms) = postSolution
		{B265F024-11E5-4DFE-9EF6-AE7CFB393655}.Debug|Any CPU.ActiveCfg = Debug|Any CPU
		{B265F024-11E5-4DFE-9EF6-AE7CFB393655}.Debug|Any CPU.Build.0 = Debug|Any CPU
		{B265F024-11E5-4DFE-9EF6-AE7CFB393655}.Release|Any CPU.ActiveCfg = Release|Any CPU
		{B265F024-11E5-4DFE-9EF6-AE7CFB393655}.Release|Any CPU.Build.0 = Release|Any CPU
	EndGlobalSection
	GlobalSection(SolutionProperties) = preSolution
		HideSolutionNode = FALSE
	EndGlobalSection
	GlobalSection(ExtensibilityGlobals) = postSolution
		SolutionGuid = {4A71A444-7489-4F3D-A85E-96D3B6BC1B28}
	EndGlobalSection
EndGlobal
