
Microsoft Visual Studio Solution File, Format Version 12.00
# Visual Studio 15
VisualStudioVersion = 15.0.27004.2010
MinimumVisualStudioVersion = 10.0.40219.1
Project("{FAE04EC0-301F-11D3-BF4B-00C04F79EFBC}") = "WebApplication1", "WebApplication1\WebApplication1.csproj", "{F1C9BADB-01AA-4EEC-8CBD-0662F82C9EA6}"
EndProject
Global
	GlobalSection(SolutionConfigurationPlatforms) = preSolution
		Debug|Any CPU = Debug|Any CPU
		Release|Any CPU = Release|Any CPU
	EndGlobalSection
	GlobalSection(ProjectConfigurationPlatforms) = postSolution
		{F1C9BADB-01AA-4EEC-8CBD-0662F82C9EA6}.Debug|Any CPU.ActiveCfg = Debug|Any CPU
		{F1C9BADB-01AA-4EEC-8CBD-0662F82C9EA6}.Debug|Any CPU.Build.0 = Debug|Any CPU
		{F1C9BADB-01AA-4EEC-8CBD-0662F82C9EA6}.Release|Any CPU.ActiveCfg = Release|Any CPU
		{F1C9BADB-01AA-4EEC-8CBD-0662F82C9EA6}.Release|Any CPU.Build.0 = Release|Any CPU
	EndGlobalSection
	GlobalSection(SolutionProperties) = preSolution
		HideSolutionNode = FALSE
	EndGlobalSection
	GlobalSection(ExtensibilityGlobals) = postSolution
		SolutionGuid = {0DF2FB34-6DEA-4DA1-8B44-69A6E82FC5CD}
	EndGlobalSection
EndGlobal
