
Microsoft Visual Studio Solution File, Format Version 12.00
# Visual Studio 15
VisualStudioVersion = 15.0.27004.2010
MinimumVisualStudioVersion = 10.0.40219.1
Project("{FAE04EC0-301F-11D3-BF4B-00C04F79EFBC}") = "WpfApp2", "WpfApp2.csproj", "{8E361B03-504F-4FA7-8EA8-97E85DBFB07C}"
EndProject
Global
	GlobalSection(SolutionConfigurationPlatforms) = preSolution
		Debug|Any CPU = Debug|Any CPU
		Release|Any CPU = Release|Any CPU
	EndGlobalSection
	GlobalSection(ProjectConfigurationPlatforms) = postSolution
		{8E361B03-504F-4FA7-8EA8-97E85DBFB07C}.Debug|Any CPU.ActiveCfg = Debug|Any CPU
		{8E361B03-504F-4FA7-8EA8-97E85DBFB07C}.Debug|Any CPU.Build.0 = Debug|Any CPU
		{8E361B03-504F-4FA7-8EA8-97E85DBFB07C}.Release|Any CPU.ActiveCfg = Release|Any CPU
		{8E361B03-504F-4FA7-8EA8-97E85DBFB07C}.Release|Any CPU.Build.0 = Release|Any CPU
	EndGlobalSection
	GlobalSection(SolutionProperties) = preSolution
		HideSolutionNode = FALSE
	EndGlobalSection
	GlobalSection(ExtensibilityGlobals) = postSolution
		SolutionGuid = {E2506362-6F94-417C-B45F-310FB5B6B31E}
	EndGlobalSection
EndGlobal
